
Microsoft Visual Studio Solution File, Format Version 12.00
# Visual Studio Version 17
VisualStudioVersion = 17.5.33516.290
MinimumVisualStudioVersion = 10.0.40219.1
Project("{9A19103F-16F7-4668-BE54-9A1E7A4F7556}") = "RazorPizza", "RazorPizza.csproj", "{FF233EC3-F26F-4145-B4D9-AF932F6A23A3}"
EndProject
Global
	GlobalSection(SolutionConfigurationPlatforms) = preSolution
		Debug|Any CPU = Debug|Any CPU
		Release|Any CPU = Release|Any CPU
	EndGlobalSection
	GlobalSection(ProjectConfigurationPlatforms) = postSolution
		{FF233EC3-F26F-4145-B4D9-AF932F6A23A3}.Debug|Any CPU.ActiveCfg = Debug|Any CPU
		{FF233EC3-F26F-4145-B4D9-AF932F6A23A3}.Debug|Any CPU.Build.0 = Debug|Any CPU
		{FF233EC3-F26F-4145-B4D9-AF932F6A23A3}.Release|Any CPU.ActiveCfg = Release|Any CPU
		{FF233EC3-F26F-4145-B4D9-AF932F6A23A3}.Release|Any CPU.Build.0 = Release|Any CPU
	EndGlobalSection
	GlobalSection(SolutionProperties) = preSolution
		HideSolutionNode = FALSE
	EndGlobalSection
	GlobalSection(ExtensibilityGlobals) = postSolution
		SolutionGuid = {398E8EC4-36E4-4432-9E8A-D54C84CDB8BC}
	EndGlobalSection
EndGlobal
